
Microsoft Visual Studio Solution File, Format Version 12.00
# Visual Studio Version 16
VisualStudioVersion = 16.0.33027.164
MinimumVisualStudioVersion = 10.0.40219.1
Project("{FAE04EC0-301F-11D3-BF4B-00C04F79EFBC}") = "Scan2Dicom", "Scan2Dicom.csproj", "{03F5CEE4-DA85-42FE-B76C-547CC1272C0A}"
EndProject
Global
	GlobalSection(SolutionConfigurationPlatforms) = preSolution
		Debug|Any CPU = Debug|Any CPU
		Release|Any CPU = Release|Any CPU
	EndGlobalSection
	GlobalSection(ProjectConfigurationPlatforms) = postSolution
		{03F5CEE4-DA85-42FE-B76C-547CC1272C0A}.Debug|Any CPU.ActiveCfg = Debug|Any CPU
		{03F5CEE4-DA85-42FE-B76C-547CC1272C0A}.Debug|Any CPU.Build.0 = Debug|Any CPU
		{03F5CEE4-DA85-42FE-B76C-547CC1272C0A}.Release|Any CPU.ActiveCfg = Release|Any CPU
		{03F5CEE4-DA85-42FE-B76C-547CC1272C0A}.Release|Any CPU.Build.0 = Release|Any CPU
	EndGlobalSection
	GlobalSection(SolutionProperties) = preSolution
		HideSolutionNode = FALSE
	EndGlobalSection
	GlobalSection(ExtensibilityGlobals) = postSolution
		SolutionGuid = {900C66C5-7AEA-4D89-993B-4444D79EB66E}
	EndGlobalSection
EndGlobal
